// !$*UTF8*$!
{
	archiveVersion = 1;
	classes = {
	};
	objectVersion = 55;
	objects = {

/* Begin PBXBuildFile section */
		070E7C8D28B97655000C9B07 /* AppDelegate.swift in Sources */ = {isa = PBXBuildFile; fileRef = 070E7C8C28B97655000C9B07 /* AppDelegate.swift */; };
		070E7C8F28B97655000C9B07 /* SceneDelegate.swift in Sources */ = {isa = PBXBuildFile; fileRef = 070E7C8E28B97655000C9B07 /* SceneDelegate.swift */; };
		070E7C9128B97655000C9B07 /* ViewController.swift in Sources */ = {isa = PBXBuildFile; fileRef = 070E7C9028B97655000C9B07 /* ViewController.swift */; };
		070E7C9428B97655000C9B07 /* Main.storyboard in Resources */ = {isa = PBXBuildFile; fileRef = 070E7C9228B97655000C9B07 /* Main.storyboard */; };
		070E7C9628B97656000C9B07 /* Assets.xcassets in Resources */ = {isa = PBXBuildFile; fileRef = 070E7C9528B97656000C9B07 /* Assets.xcassets */; };
		070E7C9928B97656000C9B07 /* LaunchScreen.storyboard in Resources */ = {isa = PBXBuildFile; fileRef = 070E7C9728B97656000C9B07 /* LaunchScreen.storyboard */; };
		642F0E8928F4DCB600C1469D /* DogCollectionViewCell.swift in Sources */ = {isa = PBXBuildFile; fileRef = 642F0E8828F4DCB600C1469D /* DogCollectionViewCell.swift */; };
		642F0E8B28F4DD1000C1469D /* HomeViewController.swift in Sources */ = {isa = PBXBuildFile; fileRef = 642F0E8A28F4DD1000C1469D /* HomeViewController.swift */; };
		64AE821428FA21BC0042D864 /* DropDown in Frameworks */ = {isa = PBXBuildFile; productRef = 64AE821328FA21BC0042D864 /* DropDown */; };
		64C3015C28F7749200E68F3D /* Dog.swift in Sources */ = {isa = PBXBuildFile; fileRef = 64C3015B28F7749200E68F3D /* Dog.swift */; };
		64CDE80028FCA4A7004D18D6 /* MapViewController.swift in Sources */ = {isa = PBXBuildFile; fileRef = 64CDE7FF28FCA4A7004D18D6 /* MapViewController.swift */; };
		64CDE80228FCB7BD004D18D6 /* DogManager.swift in Sources */ = {isa = PBXBuildFile; fileRef = 64CDE80128FCB7BD004D18D6 /* DogManager.swift */; };
		64CDE80428FCF64D004D18D6 /* Response.swift in Sources */ = {isa = PBXBuildFile; fileRef = 64CDE80328FCF64D004D18D6 /* Response.swift */; };
		64CDE80728FD012D004D18D6 /* DeepCodable in Frameworks */ = {isa = PBXBuildFile; productRef = 64CDE80628FD012D004D18D6 /* DeepCodable */; };
		A4900D7728F3CB100013203F /* LoginViewController.swift in Sources */ = {isa = PBXBuildFile; fileRef = A4900D7628F3CB100013203F /* LoginViewController.swift */; };
		A4900D7928F3CB2A0013203F /* SingUpViewController.swift in Sources */ = {isa = PBXBuildFile; fileRef = A4900D7828F3CB2A0013203F /* SingUpViewController.swift */; };
		A4900D7B28F3CFBF0013203F /* FormViewController.swift in Sources */ = {isa = PBXBuildFile; fileRef = A4900D7A28F3CFBF0013203F /* FormViewController.swift */; };
		A4900D7D28F3D9C40013203F /* Utilities.swift in Sources */ = {isa = PBXBuildFile; fileRef = A4900D7C28F3D9C40013203F /* Utilities.swift */; };
		A4900D8228F3DC1D0013203F /* FirebaseAnalytics in Frameworks */ = {isa = PBXBuildFile; productRef = A4900D8128F3DC1D0013203F /* FirebaseAnalytics */; };
		A4900D8428F3DC1D0013203F /* FirebaseAnalyticsOnDeviceConversion in Frameworks */ = {isa = PBXBuildFile; productRef = A4900D8328F3DC1D0013203F /* FirebaseAnalyticsOnDeviceConversion */; };
		A4900D8628F3DC1D0013203F /* FirebaseAnalyticsSwift in Frameworks */ = {isa = PBXBuildFile; productRef = A4900D8528F3DC1D0013203F /* FirebaseAnalyticsSwift */; };
		A4900D8828F3DC1D0013203F /* FirebaseAnalyticsWithoutAdIdSupport in Frameworks */ = {isa = PBXBuildFile; productRef = A4900D8728F3DC1D0013203F /* FirebaseAnalyticsWithoutAdIdSupport */; };
		A4900D8A28F3DC1D0013203F /* FirebaseAppCheck in Frameworks */ = {isa = PBXBuildFile; productRef = A4900D8928F3DC1D0013203F /* FirebaseAppCheck */; };
		A4900D8C28F3DC1D0013203F /* FirebaseAppDistribution-Beta in Frameworks */ = {isa = PBXBuildFile; productRef = A4900D8B28F3DC1D0013203F /* FirebaseAppDistribution-Beta */; };
		A4900D8E28F3DC1D0013203F /* FirebaseAuth in Frameworks */ = {isa = PBXBuildFile; productRef = A4900D8D28F3DC1D0013203F /* FirebaseAuth */; };
		A4900D9028F3DC1D0013203F /* FirebaseAuthCombine-Community in Frameworks */ = {isa = PBXBuildFile; productRef = A4900D8F28F3DC1D0013203F /* FirebaseAuthCombine-Community */; };
		A4900D9228F3DC1D0013203F /* FirebaseCrashlytics in Frameworks */ = {isa = PBXBuildFile; productRef = A4900D9128F3DC1D0013203F /* FirebaseCrashlytics */; };
		A4900D9428F3DC1D0013203F /* FirebaseDatabase in Frameworks */ = {isa = PBXBuildFile; productRef = A4900D9328F3DC1D0013203F /* FirebaseDatabase */; };
		A4900D9628F3DC1D0013203F /* FirebaseDatabaseSwift in Frameworks */ = {isa = PBXBuildFile; productRef = A4900D9528F3DC1D0013203F /* FirebaseDatabaseSwift */; };
		A4900D9828F3DC1D0013203F /* FirebaseDynamicLinks in Frameworks */ = {isa = PBXBuildFile; productRef = A4900D9728F3DC1D0013203F /* FirebaseDynamicLinks */; };
		A4900D9A28F3DC1D0013203F /* FirebaseFirestore in Frameworks */ = {isa = PBXBuildFile; productRef = A4900D9928F3DC1D0013203F /* FirebaseFirestore */; };
		A4900D9C28F3DC1D0013203F /* FirebaseFirestoreCombine-Community in Frameworks */ = {isa = PBXBuildFile; productRef = A4900D9B28F3DC1D0013203F /* FirebaseFirestoreCombine-Community */; };
		A4900D9E28F3DC1D0013203F /* FirebaseFirestoreSwift in Frameworks */ = {isa = PBXBuildFile; productRef = A4900D9D28F3DC1D0013203F /* FirebaseFirestoreSwift */; };
		A4900DA028F3DC1D0013203F /* FirebaseFunctions in Frameworks */ = {isa = PBXBuildFile; productRef = A4900D9F28F3DC1D0013203F /* FirebaseFunctions */; };
		A4900DA228F3DC1D0013203F /* FirebaseFunctionsCombine-Community in Frameworks */ = {isa = PBXBuildFile; productRef = A4900DA128F3DC1D0013203F /* FirebaseFunctionsCombine-Community */; };
		A4900DA428F3DC1D0013203F /* FirebaseInAppMessaging-Beta in Frameworks */ = {isa = PBXBuildFile; productRef = A4900DA328F3DC1D0013203F /* FirebaseInAppMessaging-Beta */; };
		A4900DA628F3DC1D0013203F /* FirebaseInAppMessagingSwift-Beta in Frameworks */ = {isa = PBXBuildFile; productRef = A4900DA528F3DC1D0013203F /* FirebaseInAppMessagingSwift-Beta */; };
		A4900DA828F3DC1D0013203F /* FirebaseInstallations in Frameworks */ = {isa = PBXBuildFile; productRef = A4900DA728F3DC1D0013203F /* FirebaseInstallations */; };
		A4900DAA28F3DC1D0013203F /* FirebaseMLModelDownloader in Frameworks */ = {isa = PBXBuildFile; productRef = A4900DA928F3DC1D0013203F /* FirebaseMLModelDownloader */; };
		A4900DAC28F3DC1D0013203F /* FirebaseMessaging in Frameworks */ = {isa = PBXBuildFile; productRef = A4900DAB28F3DC1D0013203F /* FirebaseMessaging */; };
		A4900DAE28F3DC1D0013203F /* FirebasePerformance in Frameworks */ = {isa = PBXBuildFile; productRef = A4900DAD28F3DC1D0013203F /* FirebasePerformance */; };
		A4900DB028F3DC1D0013203F /* FirebaseRemoteConfig in Frameworks */ = {isa = PBXBuildFile; productRef = A4900DAF28F3DC1D0013203F /* FirebaseRemoteConfig */; };
		A4900DB228F3DC1D0013203F /* FirebaseRemoteConfigSwift in Frameworks */ = {isa = PBXBuildFile; productRef = A4900DB128F3DC1D0013203F /* FirebaseRemoteConfigSwift */; };
		A4900DB428F3DC1D0013203F /* FirebaseStorage in Frameworks */ = {isa = PBXBuildFile; productRef = A4900DB328F3DC1D0013203F /* FirebaseStorage */; };
		A4900DB628F3DC1D0013203F /* FirebaseStorageCombine-Community in Frameworks */ = {isa = PBXBuildFile; productRef = A4900DB528F3DC1D0013203F /* FirebaseStorageCombine-Community */; };
		A4900DB828F3EEEC0013203F /* Constans.swift in Sources */ = {isa = PBXBuildFile; fileRef = A4900DB728F3EEEC0013203F /* Constans.swift */; };
		A493C58B28F8CB740094FF27 /* GoogleService-Info.plist in Resources */ = {isa = PBXBuildFile; fileRef = A493C58A28F8CB740094FF27 /* GoogleService-Info.plist */; };
		A493C58D28F8E9820094FF27 /* InfoViewController.swift in Sources */ = {isa = PBXBuildFile; fileRef = A493C58C28F8E9820094FF27 /* InfoViewController.swift */; };
		A493C58F28F9E3ED0094FF27 /* MyViewController.swift in Sources */ = {isa = PBXBuildFile; fileRef = A493C58E28F9E3ED0094FF27 /* MyViewController.swift */; };
/* End PBXBuildFile section */

/* Begin PBXFileReference section */
		070E7C8928B97655000C9B07 /* IOS_AlertaCan.app */ = {isa = PBXFileReference; explicitFileType = wrapper.application; includeInIndex = 0; path = IOS_AlertaCan.app; sourceTree = BUILT_PRODUCTS_DIR; };
		070E7C8C28B97655000C9B07 /* AppDelegate.swift */ = {isa = PBXFileReference; lastKnownFileType = sourcecode.swift; path = AppDelegate.swift; sourceTree = "<group>"; };
		070E7C8E28B97655000C9B07 /* SceneDelegate.swift */ = {isa = PBXFileReference; lastKnownFileType = sourcecode.swift; path = SceneDelegate.swift; sourceTree = "<group>"; };
		070E7C9028B97655000C9B07 /* ViewController.swift */ = {isa = PBXFileReference; lastKnownFileType = sourcecode.swift; path = ViewController.swift; sourceTree = "<group>"; };
		070E7C9328B97655000C9B07 /* Base */ = {isa = PBXFileReference; lastKnownFileType = file.storyboard; name = Base; path = Base.lproj/Main.storyboard; sourceTree = "<group>"; };
		070E7C9528B97656000C9B07 /* Assets.xcassets */ = {isa = PBXFileReference; lastKnownFileType = folder.assetcatalog; path = Assets.xcassets; sourceTree = "<group>"; };
		070E7C9828B97656000C9B07 /* Base */ = {isa = PBXFileReference; lastKnownFileType = file.storyboard; name = Base; path = Base.lproj/LaunchScreen.storyboard; sourceTree = "<group>"; };
		070E7C9A28B97656000C9B07 /* Info.plist */ = {isa = PBXFileReference; lastKnownFileType = text.plist.xml; path = Info.plist; sourceTree = "<group>"; };
		642F0E8828F4DCB600C1469D /* DogCollectionViewCell.swift */ = {isa = PBXFileReference; lastKnownFileType = sourcecode.swift; path = DogCollectionViewCell.swift; sourceTree = "<group>"; };
		642F0E8A28F4DD1000C1469D /* HomeViewController.swift */ = {isa = PBXFileReference; lastKnownFileType = sourcecode.swift; path = HomeViewController.swift; sourceTree = "<group>"; };
		64C3015B28F7749200E68F3D /* Dog.swift */ = {isa = PBXFileReference; lastKnownFileType = sourcecode.swift; path = Dog.swift; sourceTree = "<group>"; };
		64CDE7FF28FCA4A7004D18D6 /* MapViewController.swift */ = {isa = PBXFileReference; lastKnownFileType = sourcecode.swift; path = MapViewController.swift; sourceTree = "<group>"; };
		64CDE80128FCB7BD004D18D6 /* DogManager.swift */ = {isa = PBXFileReference; lastKnownFileType = sourcecode.swift; path = DogManager.swift; sourceTree = "<group>"; };
		64CDE80328FCF64D004D18D6 /* Response.swift */ = {isa = PBXFileReference; lastKnownFileType = sourcecode.swift; path = Response.swift; sourceTree = "<group>"; };
		A4900D7628F3CB100013203F /* LoginViewController.swift */ = {isa = PBXFileReference; lastKnownFileType = sourcecode.swift; path = LoginViewController.swift; sourceTree = "<group>"; };
		A4900D7828F3CB2A0013203F /* SingUpViewController.swift */ = {isa = PBXFileReference; lastKnownFileType = sourcecode.swift; path = SingUpViewController.swift; sourceTree = "<group>"; };
		A4900D7A28F3CFBF0013203F /* FormViewController.swift */ = {isa = PBXFileReference; lastKnownFileType = sourcecode.swift; path = FormViewController.swift; sourceTree = "<group>"; };
		A4900D7C28F3D9C40013203F /* Utilities.swift */ = {isa = PBXFileReference; fileEncoding = 4; lastKnownFileType = sourcecode.swift; path = Utilities.swift; sourceTree = "<group>"; };
		A4900DB728F3EEEC0013203F /* Constans.swift */ = {isa = PBXFileReference; lastKnownFileType = sourcecode.swift; path = Constans.swift; sourceTree = "<group>"; };
		A493C58A28F8CB740094FF27 /* GoogleService-Info.plist */ = {isa = PBXFileReference; fileEncoding = 4; lastKnownFileType = text.plist.xml; path = "GoogleService-Info.plist"; sourceTree = "<group>"; };
		A493C58C28F8E9820094FF27 /* InfoViewController.swift */ = {isa = PBXFileReference; lastKnownFileType = sourcecode.swift; path = InfoViewController.swift; sourceTree = "<group>"; };
		A493C58E28F9E3ED0094FF27 /* MyViewController.swift */ = {isa = PBXFileReference; lastKnownFileType = sourcecode.swift; path = MyViewController.swift; sourceTree = "<group>"; };
/* End PBXFileReference section */

/* Begin PBXFrameworksBuildPhase section */
		070E7C8628B97655000C9B07 /* Frameworks */ = {
			isa = PBXFrameworksBuildPhase;
			buildActionMask = 2147483647;
			files = (
				A4900D9428F3DC1D0013203F /* FirebaseDatabase in Frameworks */,
				A4900DA228F3DC1D0013203F /* FirebaseFunctionsCombine-Community in Frameworks */,
				A4900D9A28F3DC1D0013203F /* FirebaseFirestore in Frameworks */,
				A4900D8628F3DC1D0013203F /* FirebaseAnalyticsSwift in Frameworks */,
				A4900D8228F3DC1D0013203F /* FirebaseAnalytics in Frameworks */,
				A4900D8428F3DC1D0013203F /* FirebaseAnalyticsOnDeviceConversion in Frameworks */,
				A4900DAA28F3DC1D0013203F /* FirebaseMLModelDownloader in Frameworks */,
				A4900D9E28F3DC1D0013203F /* FirebaseFirestoreSwift in Frameworks */,
				A4900D8A28F3DC1D0013203F /* FirebaseAppCheck in Frameworks */,
				A4900D8828F3DC1D0013203F /* FirebaseAnalyticsWithoutAdIdSupport in Frameworks */,
				A4900D8E28F3DC1D0013203F /* FirebaseAuth in Frameworks */,
				A4900D9228F3DC1D0013203F /* FirebaseCrashlytics in Frameworks */,
				A4900DB228F3DC1D0013203F /* FirebaseRemoteConfigSwift in Frameworks */,
				A4900DA428F3DC1D0013203F /* FirebaseInAppMessaging-Beta in Frameworks */,
				A4900D9628F3DC1D0013203F /* FirebaseDatabaseSwift in Frameworks */,
				A4900DA028F3DC1D0013203F /* FirebaseFunctions in Frameworks */,
				A4900DB628F3DC1D0013203F /* FirebaseStorageCombine-Community in Frameworks */,
				A4900DB028F3DC1D0013203F /* FirebaseRemoteConfig in Frameworks */,
				A4900D8C28F3DC1D0013203F /* FirebaseAppDistribution-Beta in Frameworks */,
				A4900D9028F3DC1D0013203F /* FirebaseAuthCombine-Community in Frameworks */,
				A4900DAE28F3DC1D0013203F /* FirebasePerformance in Frameworks */,
				A4900DA628F3DC1D0013203F /* FirebaseInAppMessagingSwift-Beta in Frameworks */,
				A4900DB428F3DC1D0013203F /* FirebaseStorage in Frameworks */,
				A4900D9828F3DC1D0013203F /* FirebaseDynamicLinks in Frameworks */,
				A4900D9C28F3DC1D0013203F /* FirebaseFirestoreCombine-Community in Frameworks */,
				64AE821428FA21BC0042D864 /* DropDown in Frameworks */,
				A4900DAC28F3DC1D0013203F /* FirebaseMessaging in Frameworks */,
				A4900DA828F3DC1D0013203F /* FirebaseInstallations in Frameworks */,
				64CDE80728FD012D004D18D6 /* DeepCodable in Frameworks */,
			);
			runOnlyForDeploymentPostprocessing = 0;
		};
/* End PBXFrameworksBuildPhase section */

/* Begin PBXGroup section */
		070E7C8028B97655000C9B07 = {
			isa = PBXGroup;
			children = (
				070E7C8B28B97655000C9B07 /* AlertaCan_IOS */,
				070E7C8A28B97655000C9B07 /* Products */,
			);
			sourceTree = "<group>";
		};
		070E7C8A28B97655000C9B07 /* Products */ = {
			isa = PBXGroup;
			children = (
				070E7C8928B97655000C9B07 /* IOS_AlertaCan.app */,
			);
			name = Products;
			sourceTree = "<group>";
		};
		070E7C8B28B97655000C9B07 /* AlertaCan_IOS */ = {
			isa = PBXGroup;
			children = (
				070E7C8C28B97655000C9B07 /* AppDelegate.swift */,
				070E7C8E28B97655000C9B07 /* SceneDelegate.swift */,
				070E7C9028B97655000C9B07 /* ViewController.swift */,
				A4900D7C28F3D9C40013203F /* Utilities.swift */,
				070E7C9228B97655000C9B07 /* Main.storyboard */,
				070E7C9528B97656000C9B07 /* Assets.xcassets */,
				070E7C9728B97656000C9B07 /* LaunchScreen.storyboard */,
				070E7C9A28B97656000C9B07 /* Info.plist */,
				A493C58A28F8CB740094FF27 /* GoogleService-Info.plist */,
				64CDE80128FCB7BD004D18D6 /* DogManager.swift */,
				A4900D7628F3CB100013203F /* LoginViewController.swift */,
				64C3015B28F7749200E68F3D /* Dog.swift */,
				64CDE80328FCF64D004D18D6 /* Response.swift */,
				A4900D7828F3CB2A0013203F /* SingUpViewController.swift */,
				64CDE7FF28FCA4A7004D18D6 /* MapViewController.swift */,
				642F0E8A28F4DD1000C1469D /* HomeViewController.swift */,
				A4900D7A28F3CFBF0013203F /* FormViewController.swift */,
				642F0E8828F4DCB600C1469D /* DogCollectionViewCell.swift */,
				A4900DB728F3EEEC0013203F /* Constans.swift */,
				A493C58C28F8E9820094FF27 /* InfoViewController.swift */,
				A493C58E28F9E3ED0094FF27 /* MyViewController.swift */,
			);
			path = AlertaCan_IOS;
			sourceTree = "<group>";
		};
/* End PBXGroup section */

/* Begin PBXNativeTarget section */
		070E7C8828B97655000C9B07 /* IOS_AlertaCan */ = {
			isa = PBXNativeTarget;
			buildConfigurationList = 070E7C9D28B97656000C9B07 /* Build configuration list for PBXNativeTarget "IOS_AlertaCan" */;
			buildPhases = (
				070E7C8528B97655000C9B07 /* Sources */,
				070E7C8628B97655000C9B07 /* Frameworks */,
				070E7C8728B97655000C9B07 /* Resources */,
			);
			buildRules = (
			);
			dependencies = (
			);
			name = IOS_AlertaCan;
			packageProductDependencies = (
				A4900D8128F3DC1D0013203F /* FirebaseAnalytics */,
				A4900D8328F3DC1D0013203F /* FirebaseAnalyticsOnDeviceConversion */,
				A4900D8528F3DC1D0013203F /* FirebaseAnalyticsSwift */,
				A4900D8728F3DC1D0013203F /* FirebaseAnalyticsWithoutAdIdSupport */,
				A4900D8928F3DC1D0013203F /* FirebaseAppCheck */,
				A4900D8B28F3DC1D0013203F /* FirebaseAppDistribution-Beta */,
				A4900D8D28F3DC1D0013203F /* FirebaseAuth */,
				A4900D8F28F3DC1D0013203F /* FirebaseAuthCombine-Community */,
				A4900D9128F3DC1D0013203F /* FirebaseCrashlytics */,
				A4900D9328F3DC1D0013203F /* FirebaseDatabase */,
				A4900D9528F3DC1D0013203F /* FirebaseDatabaseSwift */,
				A4900D9728F3DC1D0013203F /* FirebaseDynamicLinks */,
				A4900D9928F3DC1D0013203F /* FirebaseFirestore */,
				A4900D9B28F3DC1D0013203F /* FirebaseFirestoreCombine-Community */,
				A4900D9D28F3DC1D0013203F /* FirebaseFirestoreSwift */,
				A4900D9F28F3DC1D0013203F /* FirebaseFunctions */,
				A4900DA128F3DC1D0013203F /* FirebaseFunctionsCombine-Community */,
				A4900DA328F3DC1D0013203F /* FirebaseInAppMessaging-Beta */,
				A4900DA528F3DC1D0013203F /* FirebaseInAppMessagingSwift-Beta */,
				A4900DA728F3DC1D0013203F /* FirebaseInstallations */,
				A4900DA928F3DC1D0013203F /* FirebaseMLModelDownloader */,
				A4900DAB28F3DC1D0013203F /* FirebaseMessaging */,
				A4900DAD28F3DC1D0013203F /* FirebasePerformance */,
				A4900DAF28F3DC1D0013203F /* FirebaseRemoteConfig */,
				A4900DB128F3DC1D0013203F /* FirebaseRemoteConfigSwift */,
				A4900DB328F3DC1D0013203F /* FirebaseStorage */,
				A4900DB528F3DC1D0013203F /* FirebaseStorageCombine-Community */,
				64AE821328FA21BC0042D864 /* DropDown */,
				64CDE80628FD012D004D18D6 /* DeepCodable */,
			);
			productName = AlertaCan_IOS;
			productReference = 070E7C8928B97655000C9B07 /* IOS_AlertaCan.app */;
			productType = "com.apple.product-type.application";
		};
/* End PBXNativeTarget section */

/* Begin PBXProject section */
		070E7C8128B97655000C9B07 /* Project object */ = {
			isa = PBXProject;
			attributes = {
				BuildIndependentTargetsInParallel = 1;
				LastSwiftUpdateCheck = 1340;
				LastUpgradeCheck = 1340;
				TargetAttributes = {
					070E7C8828B97655000C9B07 = {
						CreatedOnToolsVersion = 13.4.1;
					};
				};
			};
			buildConfigurationList = 070E7C8428B97655000C9B07 /* Build configuration list for PBXProject "IOS_AlertaCan" */;
			compatibilityVersion = "Xcode 13.0";
			developmentRegion = en;
			hasScannedForEncodings = 0;
			knownRegions = (
				en,
				Base,
			);
			mainGroup = 070E7C8028B97655000C9B07;
			packageReferences = (
				A4900D8028F3DC1D0013203F /* XCRemoteSwiftPackageReference "firebase-ios-sdk" */,
				64AE821228FA21BC0042D864 /* XCRemoteSwiftPackageReference "DropDown" */,
				64CDE80528FD012D004D18D6 /* XCRemoteSwiftPackageReference "deep-codable" */,
			);
			productRefGroup = 070E7C8A28B97655000C9B07 /* Products */;
			projectDirPath = "";
			projectRoot = "";
			targets = (
				070E7C8828B97655000C9B07 /* IOS_AlertaCan */,
			);
		};
/* End PBXProject section */

/* Begin PBXResourcesBuildPhase section */
		070E7C8728B97655000C9B07 /* Resources */ = {
			isa = PBXResourcesBuildPhase;
			buildActionMask = 2147483647;
			files = (
				070E7C9928B97656000C9B07 /* LaunchScreen.storyboard in Resources */,
				A493C58B28F8CB740094FF27 /* GoogleService-Info.plist in Resources */,
				070E7C9628B97656000C9B07 /* Assets.xcassets in Resources */,
				070E7C9428B97655000C9B07 /* Main.storyboard in Resources */,
			);
			runOnlyForDeploymentPostprocessing = 0;
		};
/* End PBXResourcesBuildPhase section */

/* Begin PBXSourcesBuildPhase section */
		070E7C8528B97655000C9B07 /* Sources */ = {
			isa = PBXSourcesBuildPhase;
			buildActionMask = 2147483647;
			files = (
				A4900D7B28F3CFBF0013203F /* FormViewController.swift in Sources */,
				A4900D7728F3CB100013203F /* LoginViewController.swift in Sources */,
				A4900DB828F3EEEC0013203F /* Constans.swift in Sources */,
				A4900D7D28F3D9C40013203F /* Utilities.swift in Sources */,
				642F0E8928F4DCB600C1469D /* DogCollectionViewCell.swift in Sources */,
				64C3015C28F7749200E68F3D /* Dog.swift in Sources */,
				642F0E8B28F4DD1000C1469D /* HomeViewController.swift in Sources */,
				64CDE80228FCB7BD004D18D6 /* DogManager.swift in Sources */,
				64CDE80428FCF64D004D18D6 /* Response.swift in Sources */,
				070E7C9128B97655000C9B07 /* ViewController.swift in Sources */,
				A4900D7928F3CB2A0013203F /* SingUpViewController.swift in Sources */,
				070E7C8D28B97655000C9B07 /* AppDelegate.swift in Sources */,
				A493C58F28F9E3ED0094FF27 /* MyViewController.swift in Sources */,
				A493C58D28F8E9820094FF27 /* InfoViewController.swift in Sources */,
				070E7C8F28B97655000C9B07 /* SceneDelegate.swift in Sources */,
				64CDE80028FCA4A7004D18D6 /* MapViewController.swift in Sources */,
			);
			runOnlyForDeploymentPostprocessing = 0;
		};
/* End PBXSourcesBuildPhase section */

/* Begin PBXVariantGroup section */
		070E7C9228B97655000C9B07 /* Main.storyboard */ = {
			isa = PBXVariantGroup;
			children = (
				070E7C9328B97655000C9B07 /* Base */,
			);
			name = Main.storyboard;
			sourceTree = "<group>";
		};
		070E7C9728B97656000C9B07 /* LaunchScreen.storyboard */ = {
			isa = PBXVariantGroup;
			children = (
				070E7C9828B97656000C9B07 /* Base */,
			);
			name = LaunchScreen.storyboard;
			sourceTree = "<group>";
		};
/* End PBXVariantGroup section */

/* Begin XCBuildConfiguration section */
		070E7C9B28B97656000C9B07 /* Debug */ = {
			isa = XCBuildConfiguration;
			buildSettings = {
				ALWAYS_SEARCH_USER_PATHS = NO;
				CLANG_ANALYZER_NONNULL = YES;
				CLANG_ANALYZER_NUMBER_OBJECT_CONVERSION = YES_AGGRESSIVE;
				CLANG_CXX_LANGUAGE_STANDARD = "gnu++17";
				CLANG_ENABLE_MODULES = YES;
				CLANG_ENABLE_OBJC_ARC = YES;
				CLANG_ENABLE_OBJC_WEAK = YES;
				CLANG_WARN_BLOCK_CAPTURE_AUTORELEASING = YES;
				CLANG_WARN_BOOL_CONVERSION = YES;
				CLANG_WARN_COMMA = YES;
				CLANG_WARN_CONSTANT_CONVERSION = YES;
				CLANG_WARN_DEPRECATED_OBJC_IMPLEMENTATIONS = YES;
				CLANG_WARN_DIRECT_OBJC_ISA_USAGE = YES_ERROR;
				CLANG_WARN_DOCUMENTATION_COMMENTS = YES;
				CLANG_WARN_EMPTY_BODY = YES;
				CLANG_WARN_ENUM_CONVERSION = YES;
				CLANG_WARN_INFINITE_RECURSION = YES;
				CLANG_WARN_INT_CONVERSION = YES;
				CLANG_WARN_NON_LITERAL_NULL_CONVERSION = YES;
				CLANG_WARN_OBJC_IMPLICIT_RETAIN_SELF = YES;
				CLANG_WARN_OBJC_LITERAL_CONVERSION = YES;
				CLANG_WARN_OBJC_ROOT_CLASS = YES_ERROR;
				CLANG_WARN_QUOTED_INCLUDE_IN_FRAMEWORK_HEADER = YES;
				CLANG_WARN_RANGE_LOOP_ANALYSIS = YES;
				CLANG_WARN_STRICT_PROTOTYPES = YES;
				CLANG_WARN_SUSPICIOUS_MOVE = YES;
				CLANG_WARN_UNGUARDED_AVAILABILITY = YES_AGGRESSIVE;
				CLANG_WARN_UNREACHABLE_CODE = YES;
				CLANG_WARN__DUPLICATE_METHOD_MATCH = YES;
				COPY_PHASE_STRIP = NO;
				DEBUG_INFORMATION_FORMAT = dwarf;
				ENABLE_STRICT_OBJC_MSGSEND = YES;
				ENABLE_TESTABILITY = YES;
				GCC_C_LANGUAGE_STANDARD = gnu11;
				GCC_DYNAMIC_NO_PIC = NO;
				GCC_NO_COMMON_BLOCKS = YES;
				GCC_OPTIMIZATION_LEVEL = 0;
				GCC_PREPROCESSOR_DEFINITIONS = (
					"DEBUG=1",
					"$(inherited)",
				);
				GCC_WARN_64_TO_32_BIT_CONVERSION = YES;
				GCC_WARN_ABOUT_RETURN_TYPE = YES_ERROR;
				GCC_WARN_UNDECLARED_SELECTOR = YES;
				GCC_WARN_UNINITIALIZED_AUTOS = YES_AGGRESSIVE;
				GCC_WARN_UNUSED_FUNCTION = YES;
				GCC_WARN_UNUSED_VARIABLE = YES;
				IPHONEOS_DEPLOYMENT_TARGET = 15.5;
				MTL_ENABLE_DEBUG_INFO = INCLUDE_SOURCE;
				MTL_FAST_MATH = YES;
				ONLY_ACTIVE_ARCH = YES;
				SDKROOT = iphoneos;
				SWIFT_ACTIVE_COMPILATION_CONDITIONS = DEBUG;
				SWIFT_OPTIMIZATION_LEVEL = "-Onone";
			};
			name = Debug;
		};
		070E7C9C28B97656000C9B07 /* Release */ = {
			isa = XCBuildConfiguration;
			buildSettings = {
				ALWAYS_SEARCH_USER_PATHS = NO;
				CLANG_ANALYZER_NONNULL = YES;
				CLANG_ANALYZER_NUMBER_OBJECT_CONVERSION = YES_AGGRESSIVE;
				CLANG_CXX_LANGUAGE_STANDARD = "gnu++17";
				CLANG_ENABLE_MODULES = YES;
				CLANG_ENABLE_OBJC_ARC = YES;
				CLANG_ENABLE_OBJC_WEAK = YES;
				CLANG_WARN_BLOCK_CAPTURE_AUTORELEASING = YES;
				CLANG_WARN_BOOL_CONVERSION = YES;
				CLANG_WARN_COMMA = YES;
				CLANG_WARN_CONSTANT_CONVERSION = YES;
				CLANG_WARN_DEPRECATED_OBJC_IMPLEMENTATIONS = YES;
				CLANG_WARN_DIRECT_OBJC_ISA_USAGE = YES_ERROR;
				CLANG_WARN_DOCUMENTATION_COMMENTS = YES;
				CLANG_WARN_EMPTY_BODY = YES;
				CLANG_WARN_ENUM_CONVERSION = YES;
				CLANG_WARN_INFINITE_RECURSION = YES;
				CLANG_WARN_INT_CONVERSION = YES;
				CLANG_WARN_NON_LITERAL_NULL_CONVERSION = YES;
				CLANG_WARN_OBJC_IMPLICIT_RETAIN_SELF = YES;
				CLANG_WARN_OBJC_LITERAL_CONVERSION = YES;
				CLANG_WARN_OBJC_ROOT_CLASS = YES_ERROR;
				CLANG_WARN_QUOTED_INCLUDE_IN_FRAMEWORK_HEADER = YES;
				CLANG_WARN_RANGE_LOOP_ANALYSIS = YES;
				CLANG_WARN_STRICT_PROTOTYPES = YES;
				CLANG_WARN_SUSPICIOUS_MOVE = YES;
				CLANG_WARN_UNGUARDED_AVAILABILITY = YES_AGGRESSIVE;
				CLANG_WARN_UNREACHABLE_CODE = YES;
				CLANG_WARN__DUPLICATE_METHOD_MATCH = YES;
				COPY_PHASE_STRIP = NO;
				DEBUG_INFORMATION_FORMAT = "dwarf-with-dsym";
				ENABLE_NS_ASSERTIONS = NO;
				ENABLE_STRICT_OBJC_MSGSEND = YES;
				GCC_C_LANGUAGE_STANDARD = gnu11;
				GCC_NO_COMMON_BLOCKS = YES;
				GCC_WARN_64_TO_32_BIT_CONVERSION = YES;
				GCC_WARN_ABOUT_RETURN_TYPE = YES_ERROR;
				GCC_WARN_UNDECLARED_SELECTOR = YES;
				GCC_WARN_UNINITIALIZED_AUTOS = YES_AGGRESSIVE;
				GCC_WARN_UNUSED_FUNCTION = YES;
				GCC_WARN_UNUSED_VARIABLE = YES;
				IPHONEOS_DEPLOYMENT_TARGET = 15.5;
				MTL_ENABLE_DEBUG_INFO = NO;
				MTL_FAST_MATH = YES;
				SDKROOT = iphoneos;
				SWIFT_COMPILATION_MODE = wholemodule;
				SWIFT_OPTIMIZATION_LEVEL = "-O";
				VALIDATE_PRODUCT = YES;
			};
			name = Release;
		};
		070E7C9E28B97656000C9B07 /* Debug */ = {
			isa = XCBuildConfiguration;
			buildSettings = {
				ASSETCATALOG_COMPILER_APPICON_NAME = AppIcon;
				ASSETCATALOG_COMPILER_GLOBAL_ACCENT_COLOR_NAME = AccentColor;
				CODE_SIGN_STYLE = Automatic;
				CURRENT_PROJECT_VERSION = 1;
				GENERATE_INFOPLIST_FILE = YES;
				INFOPLIST_FILE = AlertaCan_IOS/Info.plist;
				INFOPLIST_KEY_UIApplicationSupportsIndirectInputEvents = YES;
				INFOPLIST_KEY_UILaunchStoryboardName = LaunchScreen;
				INFOPLIST_KEY_UIMainStoryboardFile = Main;
				INFOPLIST_KEY_UISupportedInterfaceOrientations_iPad = "UIInterfaceOrientationPortrait UIInterfaceOrientationPortraitUpsideDown UIInterfaceOrientationLandscapeLeft UIInterfaceOrientationLandscapeRight";
				INFOPLIST_KEY_UISupportedInterfaceOrientations_iPhone = "UIInterfaceOrientationPortrait UIInterfaceOrientationLandscapeLeft UIInterfaceOrientationLandscapeRight";
				LD_RUNPATH_SEARCH_PATHS = (
					"$(inherited)",
					"@executable_path/Frameworks",
				);
				MARKETING_VERSION = 1.0;
				PRODUCT_BUNDLE_IDENTIFIER = "Equipo4.AlertaCan-IOS";
				PRODUCT_NAME = "$(TARGET_NAME)";
				SWIFT_EMIT_LOC_STRINGS = YES;
				SWIFT_VERSION = 5.0;
				TARGETED_DEVICE_FAMILY = "1,2";
			};
			name = Debug;
		};
		070E7C9F28B97656000C9B07 /* Release */ = {
			isa = XCBuildConfiguration;
			buildSettings = {
				ASSETCATALOG_COMPILER_APPICON_NAME = AppIcon;
				ASSETCATALOG_COMPILER_GLOBAL_ACCENT_COLOR_NAME = AccentColor;
				CODE_SIGN_STYLE = Automatic;
				CURRENT_PROJECT_VERSION = 1;
				GENERATE_INFOPLIST_FILE = YES;
				INFOPLIST_FILE = AlertaCan_IOS/Info.plist;
				INFOPLIST_KEY_UIApplicationSupportsIndirectInputEvents = YES;
				INFOPLIST_KEY_UILaunchStoryboardName = LaunchScreen;
				INFOPLIST_KEY_UIMainStoryboardFile = Main;
				INFOPLIST_KEY_UISupportedInterfaceOrientations_iPad = "UIInterfaceOrientationPortrait UIInterfaceOrientationPortraitUpsideDown UIInterfaceOrientationLandscapeLeft UIInterfaceOrientationLandscapeRight";
				INFOPLIST_KEY_UISupportedInterfaceOrientations_iPhone = "UIInterfaceOrientationPortrait UIInterfaceOrientationLandscapeLeft UIInterfaceOrientationLandscapeRight";
				LD_RUNPATH_SEARCH_PATHS = (
					"$(inherited)",
					"@executable_path/Frameworks",
				);
				MARKETING_VERSION = 1.0;
				PRODUCT_BUNDLE_IDENTIFIER = "Equipo4.AlertaCan-IOS";
				PRODUCT_NAME = "$(TARGET_NAME)";
				SWIFT_EMIT_LOC_STRINGS = YES;
				SWIFT_VERSION = 5.0;
				TARGETED_DEVICE_FAMILY = "1,2";
			};
			name = Release;
		};
/* End XCBuildConfiguration section */

/* Begin XCConfigurationList section */
		070E7C8428B97655000C9B07 /* Build configuration list for PBXProject "IOS_AlertaCan" */ = {
			isa = XCConfigurationList;
			buildConfigurations = (
				070E7C9B28B97656000C9B07 /* Debug */,
				070E7C9C28B97656000C9B07 /* Release */,
			);
			defaultConfigurationIsVisible = 0;
			defaultConfigurationName = Release;
		};
		070E7C9D28B97656000C9B07 /* Build configuration list for PBXNativeTarget "IOS_AlertaCan" */ = {
			isa = XCConfigurationList;
			buildConfigurations = (
				070E7C9E28B97656000C9B07 /* Debug */,
				070E7C9F28B97656000C9B07 /* Release */,
			);
			defaultConfigurationIsVisible = 0;
			defaultConfigurationName = Release;
		};
/* End XCConfigurationList section */

/* Begin XCRemoteSwiftPackageReference section */
		64AE821228FA21BC0042D864 /* XCRemoteSwiftPackageReference "DropDown" */ = {
			isa = XCRemoteSwiftPackageReference;
			repositoryURL = "https://github.com/AssistoLab/DropDown";
			requirement = {
				branch = master;
				kind = branch;
			};
		};
		64CDE80528FD012D004D18D6 /* XCRemoteSwiftPackageReference "deep-codable" */ = {
			isa = XCRemoteSwiftPackageReference;
			repositoryURL = "https://github.com/MPLew-is/deep-codable";
			requirement = {
				branch = main;
				kind = branch;
			};
		};
		A4900D8028F3DC1D0013203F /* XCRemoteSwiftPackageReference "firebase-ios-sdk" */ = {
			isa = XCRemoteSwiftPackageReference;
			repositoryURL = "https://github.com/firebase/firebase-ios-sdk";
			requirement = {
				kind = upToNextMajorVersion;
				minimumVersion = 9.0.0;
			};
		};
/* End XCRemoteSwiftPackageReference section */

/* Begin XCSwiftPackageProductDependency section */
		64AE821328FA21BC0042D864 /* DropDown */ = {
			isa = XCSwiftPackageProductDependency;
			package = 64AE821228FA21BC0042D864 /* XCRemoteSwiftPackageReference "DropDown" */;
			productName = DropDown;
		};
		64CDE80628FD012D004D18D6 /* DeepCodable */ = {
			isa = XCSwiftPackageProductDependency;
			package = 64CDE80528FD012D004D18D6 /* XCRemoteSwiftPackageReference "deep-codable" */;
			productName = DeepCodable;
		};
		A4900D8128F3DC1D0013203F /* FirebaseAnalytics */ = {
			isa = XCSwiftPackageProductDependency;
			package = A4900D8028F3DC1D0013203F /* XCRemoteSwiftPackageReference "firebase-ios-sdk" */;
			productName = FirebaseAnalytics;
		};
		A4900D8328F3DC1D0013203F /* FirebaseAnalyticsOnDeviceConversion */ = {
			isa = XCSwiftPackageProductDependency;
			package = A4900D8028F3DC1D0013203F /* XCRemoteSwiftPackageReference "firebase-ios-sdk" */;
			productName = FirebaseAnalyticsOnDeviceConversion;
		};
		A4900D8528F3DC1D0013203F /* FirebaseAnalyticsSwift */ = {
			isa = XCSwiftPackageProductDependency;
			package = A4900D8028F3DC1D0013203F /* XCRemoteSwiftPackageReference "firebase-ios-sdk" */;
			productName = FirebaseAnalyticsSwift;
		};
		A4900D8728F3DC1D0013203F /* FirebaseAnalyticsWithoutAdIdSupport */ = {
			isa = XCSwiftPackageProductDependency;
			package = A4900D8028F3DC1D0013203F /* XCRemoteSwiftPackageReference "firebase-ios-sdk" */;
			productName = FirebaseAnalyticsWithoutAdIdSupport;
		};
		A4900D8928F3DC1D0013203F /* FirebaseAppCheck */ = {
			isa = XCSwiftPackageProductDependency;
			package = A4900D8028F3DC1D0013203F /* XCRemoteSwiftPackageReference "firebase-ios-sdk" */;
			productName = FirebaseAppCheck;
		};
		A4900D8B28F3DC1D0013203F /* FirebaseAppDistribution-Beta */ = {
			isa = XCSwiftPackageProductDependency;
			package = A4900D8028F3DC1D0013203F /* XCRemoteSwiftPackageReference "firebase-ios-sdk" */;
			productName = "FirebaseAppDistribution-Beta";
		};
		A4900D8D28F3DC1D0013203F /* FirebaseAuth */ = {
			isa = XCSwiftPackageProductDependency;
			package = A4900D8028F3DC1D0013203F /* XCRemoteSwiftPackageReference "firebase-ios-sdk" */;
			productName = FirebaseAuth;
		};
		A4900D8F28F3DC1D0013203F /* FirebaseAuthCombine-Community */ = {
			isa = XCSwiftPackageProductDependency;
			package = A4900D8028F3DC1D0013203F /* XCRemoteSwiftPackageReference "firebase-ios-sdk" */;
			productName = "FirebaseAuthCombine-Community";
		};
		A4900D9128F3DC1D0013203F /* FirebaseCrashlytics */ = {
			isa = XCSwiftPackageProductDependency;
			package = A4900D8028F3DC1D0013203F /* XCRemoteSwiftPackageReference "firebase-ios-sdk" */;
			productName = FirebaseCrashlytics;
		};
		A4900D9328F3DC1D0013203F /* FirebaseDatabase */ = {
			isa = XCSwiftPackageProductDependency;
			package = A4900D8028F3DC1D0013203F /* XCRemoteSwiftPackageReference "firebase-ios-sdk" */;
			productName = FirebaseDatabase;
		};
		A4900D9528F3DC1D0013203F /* FirebaseDatabaseSwift */ = {
			isa = XCSwiftPackageProductDependency;
			package = A4900D8028F3DC1D0013203F /* XCRemoteSwiftPackageReference "firebase-ios-sdk" */;
			productName = FirebaseDatabaseSwift;
		};
		A4900D9728F3DC1D0013203F /* FirebaseDynamicLinks */ = {
			isa = XCSwiftPackageProductDependency;
			package = A4900D8028F3DC1D0013203F /* XCRemoteSwiftPackageReference "firebase-ios-sdk" */;
			productName = FirebaseDynamicLinks;
		};
		A4900D9928F3DC1D0013203F /* FirebaseFirestore */ = {
			isa = XCSwiftPackageProductDependency;
			package = A4900D8028F3DC1D0013203F /* XCRemoteSwiftPackageReference "firebase-ios-sdk" */;
			productName = FirebaseFirestore;
		};
		A4900D9B28F3DC1D0013203F /* FirebaseFirestoreCombine-Community */ = {
			isa = XCSwiftPackageProductDependency;
			package = A4900D8028F3DC1D0013203F /* XCRemoteSwiftPackageReference "firebase-ios-sdk" */;
			productName = "FirebaseFirestoreCombine-Community";
		};
		A4900D9D28F3DC1D0013203F /* FirebaseFirestoreSwift */ = {
			isa = XCSwiftPackageProductDependency;
			package = A4900D8028F3DC1D0013203F /* XCRemoteSwiftPackageReference "firebase-ios-sdk" */;
			productName = FirebaseFirestoreSwift;
		};
		A4900D9F28F3DC1D0013203F /* FirebaseFunctions */ = {
			isa = XCSwiftPackageProductDependency;
			package = A4900D8028F3DC1D0013203F /* XCRemoteSwiftPackageReference "firebase-ios-sdk" */;
			productName = FirebaseFunctions;
		};
		A4900DA128F3DC1D0013203F /* FirebaseFunctionsCombine-Community */ = {
			isa = XCSwiftPackageProductDependency;
			package = A4900D8028F3DC1D0013203F /* XCRemoteSwiftPackageReference "firebase-ios-sdk" */;
			productName = "FirebaseFunctionsCombine-Community";
		};
		A4900DA328F3DC1D0013203F /* FirebaseInAppMessaging-Beta */ = {
			isa = XCSwiftPackageProductDependency;
			package = A4900D8028F3DC1D0013203F /* XCRemoteSwiftPackageReference "firebase-ios-sdk" */;
			productName = "FirebaseInAppMessaging-Beta";
		};
		A4900DA528F3DC1D0013203F /* FirebaseInAppMessagingSwift-Beta */ = {
			isa = XCSwiftPackageProductDependency;
			package = A4900D8028F3DC1D0013203F /* XCRemoteSwiftPackageReference "firebase-ios-sdk" */;
			productName = "FirebaseInAppMessagingSwift-Beta";
		};
		A4900DA728F3DC1D0013203F /* FirebaseInstallations */ = {
			isa = XCSwiftPackageProductDependency;
			package = A4900D8028F3DC1D0013203F /* XCRemoteSwiftPackageReference "firebase-ios-sdk" */;
			productName = FirebaseInstallations;
		};
		A4900DA928F3DC1D0013203F /* FirebaseMLModelDownloader */ = {
			isa = XCSwiftPackageProductDependency;
			package = A4900D8028F3DC1D0013203F /* XCRemoteSwiftPackageReference "firebase-ios-sdk" */;
			productName = FirebaseMLModelDownloader;
		};
		A4900DAB28F3DC1D0013203F /* FirebaseMessaging */ = {
			isa = XCSwiftPackageProductDependency;
			package = A4900D8028F3DC1D0013203F /* XCRemoteSwiftPackageReference "firebase-ios-sdk" */;
			productName = FirebaseMessaging;
		};
		A4900DAD28F3DC1D0013203F /* FirebasePerformance */ = {
			isa = XCSwiftPackageProductDependency;
			package = A4900D8028F3DC1D0013203F /* XCRemoteSwiftPackageReference "firebase-ios-sdk" */;
			productName = FirebasePerformance;
		};
		A4900DAF28F3DC1D0013203F /* FirebaseRemoteConfig */ = {
			isa = XCSwiftPackageProductDependency;
			package = A4900D8028F3DC1D0013203F /* XCRemoteSwiftPackageReference "firebase-ios-sdk" */;
			productName = FirebaseRemoteConfig;
		};
		A4900DB128F3DC1D0013203F /* FirebaseRemoteConfigSwift */ = {
			isa = XCSwiftPackageProductDependency;
			package = A4900D8028F3DC1D0013203F /* XCRemoteSwiftPackageReference "firebase-ios-sdk" */;
			productName = FirebaseRemoteConfigSwift;
		};
		A4900DB328F3DC1D0013203F /* FirebaseStorage */ = {
			isa = XCSwiftPackageProductDependency;
			package = A4900D8028F3DC1D0013203F /* XCRemoteSwiftPackageReference "firebase-ios-sdk" */;
			productName = FirebaseStorage;
		};
		A4900DB528F3DC1D0013203F /* FirebaseStorageCombine-Community */ = {
			isa = XCSwiftPackageProductDependency;
			package = A4900D8028F3DC1D0013203F /* XCRemoteSwiftPackageReference "firebase-ios-sdk" */;
			productName = "FirebaseStorageCombine-Community";
		};
/* End XCSwiftPackageProductDependency section */
	};
	rootObject = 070E7C8128B97655000C9B07 /* Project object */;
}
